
Microsoft Visual Studio Solution File, Format Version 12.00
# Visual Studio Version 16
VisualStudioVersion = 16.0.30413.136
MinimumVisualStudioVersion = 10.0.40219.1
Project("{FAE04EC0-301F-11D3-BF4B-00C04F79EFBC}") = "Hff.Challenge.Entities", "Hff.Challenge.Entities\Hff.Challenge.Entities.csproj", "{221E9315-0CDD-4D73-B142-35A84A9D076D}"
EndProject
Project("{FAE04EC0-301F-11D3-BF4B-00C04F79EFBC}") = "Hff.Challenge.DataAccess", "Hff.Challenge.DataAccess\Hff.Challenge.DataAccess.csproj", "{772287DF-B221-4518-9745-19938CA842F2}"
EndProject
Global
	GlobalSection(SolutionConfigurationPlatforms) = preSolution
		Debug|Any CPU = Debug|Any CPU
		Release|Any CPU = Release|Any CPU
	EndGlobalSection
	GlobalSection(ProjectConfigurationPlatforms) = postSolution
		{221E9315-0CDD-4D73-B142-35A84A9D076D}.Debug|Any CPU.ActiveCfg = Debug|Any CPU
		{221E9315-0CDD-4D73-B142-35A84A9D076D}.Debug|Any CPU.Build.0 = Debug|Any CPU
		{221E9315-0CDD-4D73-B142-35A84A9D076D}.Release|Any CPU.ActiveCfg = Release|Any CPU
		{221E9315-0CDD-4D73-B142-35A84A9D076D}.Release|Any CPU.Build.0 = Release|Any CPU
		{772287DF-B221-4518-9745-19938CA842F2}.Debug|Any CPU.ActiveCfg = Debug|Any CPU
		{772287DF-B221-4518-9745-19938CA842F2}.Debug|Any CPU.Build.0 = Debug|Any CPU
		{772287DF-B221-4518-9745-19938CA842F2}.Release|Any CPU.ActiveCfg = Release|Any CPU
		{772287DF-B221-4518-9745-19938CA842F2}.Release|Any CPU.Build.0 = Release|Any CPU
	EndGlobalSection
	GlobalSection(SolutionProperties) = preSolution
		HideSolutionNode = FALSE
	EndGlobalSection
	GlobalSection(ExtensibilityGlobals) = postSolution
		SolutionGuid = {BCA059A2-CA22-409D-A069-98B86009A92E}
	EndGlobalSection
EndGlobal
