
Microsoft Visual Studio Solution File, Format Version 12.00
# Visual Studio Version 16
VisualStudioVersion = 16.0.30413.136
MinimumVisualStudioVersion = 10.0.40219.1
Project("{9A19103F-16F7-4668-BE54-9A1E7A4F7556}") = "Hff.Challenge.Entities", "Hff.Challenge.Entities\Hff.Challenge.Entities.csproj", "{221E9315-0CDD-4D73-B142-35A84A9D076D}"
EndProject
Project("{9A19103F-16F7-4668-BE54-9A1E7A4F7556}") = "Hff.Challenge.DataAccess", "Hff.Challenge.DataAccess\Hff.Challenge.DataAccess.csproj", "{772287DF-B221-4518-9745-19938CA842F2}"
EndProject
Project("{FAE04EC0-301F-11D3-BF4B-00C04F79EFBC}") = "Hff.Challenge.Business", "Hff.Challenge.Business\Hff.Challenge.Business.csproj", "{DCF0068C-2A4E-4A6D-BC2A-D395C3B7BC18}"
EndProject
Project("{FAE04EC0-301F-11D3-BF4B-00C04F79EFBC}") = "Hff.Challenge.Dtos", "Hff.Challenge.Dtos\Hff.Challenge.Dtos.csproj", "{EB86988F-5078-45ED-94A6-95E8ABB05B49}"
EndProject
Global
	GlobalSection(SolutionConfigurationPlatforms) = preSolution
		Debug|Any CPU = Debug|Any CPU
		Release|Any CPU = Release|Any CPU
	EndGlobalSection
	GlobalSection(ProjectConfigurationPlatforms) = postSolution
		{221E9315-0CDD-4D73-B142-35A84A9D076D}.Debug|Any CPU.ActiveCfg = Debug|Any CPU
		{221E9315-0CDD-4D73-B142-35A84A9D076D}.Debug|Any CPU.Build.0 = Debug|Any CPU
		{221E9315-0CDD-4D73-B142-35A84A9D076D}.Release|Any CPU.ActiveCfg = Release|Any CPU
		{221E9315-0CDD-4D73-B142-35A84A9D076D}.Release|Any CPU.Build.0 = Release|Any CPU
		{772287DF-B221-4518-9745-19938CA842F2}.Debug|Any CPU.ActiveCfg = Debug|Any CPU
		{772287DF-B221-4518-9745-19938CA842F2}.Debug|Any CPU.Build.0 = Debug|Any CPU
		{772287DF-B221-4518-9745-19938CA842F2}.Release|Any CPU.ActiveCfg = Release|Any CPU
		{772287DF-B221-4518-9745-19938CA842F2}.Release|Any CPU.Build.0 = Release|Any CPU
		{DCF0068C-2A4E-4A6D-BC2A-D395C3B7BC18}.Debug|Any CPU.ActiveCfg = Debug|Any CPU
		{DCF0068C-2A4E-4A6D-BC2A-D395C3B7BC18}.Debug|Any CPU.Build.0 = Debug|Any CPU
		{DCF0068C-2A4E-4A6D-BC2A-D395C3B7BC18}.Release|Any CPU.ActiveCfg = Release|Any CPU
		{DCF0068C-2A4E-4A6D-BC2A-D395C3B7BC18}.Release|Any CPU.Build.0 = Release|Any CPU
		{EB86988F-5078-45ED-94A6-95E8ABB05B49}.Debug|Any CPU.ActiveCfg = Debug|Any CPU
		{EB86988F-5078-45ED-94A6-95E8ABB05B49}.Debug|Any CPU.Build.0 = Debug|Any CPU
		{EB86988F-5078-45ED-94A6-95E8ABB05B49}.Release|Any CPU.ActiveCfg = Release|Any CPU
		{EB86988F-5078-45ED-94A6-95E8ABB05B49}.Release|Any CPU.Build.0 = Release|Any CPU
	EndGlobalSection
	GlobalSection(SolutionProperties) = preSolution
		HideSolutionNode = FALSE
	EndGlobalSection
	GlobalSection(ExtensibilityGlobals) = postSolution
		SolutionGuid = {BCA059A2-CA22-409D-A069-98B86009A92E}
	EndGlobalSection
EndGlobal
